// !$*UTF8*$!
{
	archiveVersion = 1;
	classes = {
	};
	objectVersion = 50;
	objects = {

/* Begin PBXBuildFile section */
		711FFA8A20BD573E000068AA /* GoogleDataProvider.swift in Sources */ = {isa = PBXBuildFile; fileRef = 711FFA8920BD573E000068AA /* GoogleDataProvider.swift */; };
		7130141520B9F953008BA4A3 /* AppDelegate.swift in Sources */ = {isa = PBXBuildFile; fileRef = 7130141420B9F953008BA4A3 /* AppDelegate.swift */; };
		7130141720B9F953008BA4A3 /* ViewController.swift in Sources */ = {isa = PBXBuildFile; fileRef = 7130141620B9F953008BA4A3 /* ViewController.swift */; };
		7130141A20B9F953008BA4A3 /* Main.storyboard in Resources */ = {isa = PBXBuildFile; fileRef = 7130141820B9F953008BA4A3 /* Main.storyboard */; };
		7130141D20B9F953008BA4A3 /* Event_Map.xcdatamodeld in Sources */ = {isa = PBXBuildFile; fileRef = 7130141B20B9F953008BA4A3 /* Event_Map.xcdatamodeld */; };
		7130141F20B9F953008BA4A3 /* Assets.xcassets in Resources */ = {isa = PBXBuildFile; fileRef = 7130141E20B9F953008BA4A3 /* Assets.xcassets */; };
		7130142220B9F953008BA4A3 /* LaunchScreen.storyboard in Resources */ = {isa = PBXBuildFile; fileRef = 7130142020B9F953008BA4A3 /* LaunchScreen.storyboard */; };
		715B047620BCA0D60051A1BE /* UIViewExtension.swift in Sources */ = {isa = PBXBuildFile; fileRef = 715B047520BCA0D60051A1BE /* UIViewExtension.swift */; };
		715B047A20BCA5610051A1BE /* PlaceMarker.swift in Sources */ = {isa = PBXBuildFile; fileRef = 715B047920BCA5610051A1BE /* PlaceMarker.swift */; };
		715B047C20BCA7BF0051A1BE /* GooglePlace.swift in Sources */ = {isa = PBXBuildFile; fileRef = 715B047B20BCA7BF0051A1BE /* GooglePlace.swift */; };
		71ADEDA120BEB25200EA5CDA /* MarkerInfoView.swift in Sources */ = {isa = PBXBuildFile; fileRef = 71ADEDA020BEB25200EA5CDA /* MarkerInfoView.swift */; };
		71ADEDA320BEB25B00EA5CDA /* MarkerInfoView.xib in Resources */ = {isa = PBXBuildFile; fileRef = 71ADEDA220BEB25B00EA5CDA /* MarkerInfoView.xib */; };
		E71E1D63973448B510865E81 /* Pods_Event_Map.framework in Frameworks */ = {isa = PBXBuildFile; fileRef = D428CA9B04D771D0B65A79D2 /* Pods_Event_Map.framework */; };
/* End PBXBuildFile section */

/* Begin PBXFileReference section */
		711FFA8920BD573E000068AA /* GoogleDataProvider.swift */ = {isa = PBXFileReference; fileEncoding = 4; lastKnownFileType = sourcecode.swift; path = GoogleDataProvider.swift; sourceTree = "<group>"; };
		7130141120B9F953008BA4A3 /* Event Map.app */ = {isa = PBXFileReference; explicitFileType = wrapper.application; includeInIndex = 0; path = "Event Map.app"; sourceTree = BUILT_PRODUCTS_DIR; };
		7130141420B9F953008BA4A3 /* AppDelegate.swift */ = {isa = PBXFileReference; lastKnownFileType = sourcecode.swift; path = AppDelegate.swift; sourceTree = "<group>"; };
		7130141620B9F953008BA4A3 /* ViewController.swift */ = {isa = PBXFileReference; lastKnownFileType = sourcecode.swift; path = ViewController.swift; sourceTree = "<group>"; };
		7130141920B9F953008BA4A3 /* Base */ = {isa = PBXFileReference; lastKnownFileType = file.storyboard; name = Base; path = Base.lproj/Main.storyboard; sourceTree = "<group>"; };
		7130141C20B9F953008BA4A3 /* Event_Map.xcdatamodel */ = {isa = PBXFileReference; lastKnownFileType = wrapper.xcdatamodel; path = Event_Map.xcdatamodel; sourceTree = "<group>"; };
		7130141E20B9F953008BA4A3 /* Assets.xcassets */ = {isa = PBXFileReference; lastKnownFileType = folder.assetcatalog; path = Assets.xcassets; sourceTree = "<group>"; };
		7130142120B9F953008BA4A3 /* Base */ = {isa = PBXFileReference; lastKnownFileType = file.storyboard; name = Base; path = Base.lproj/LaunchScreen.storyboard; sourceTree = "<group>"; };
		7130142320B9F953008BA4A3 /* Info.plist */ = {isa = PBXFileReference; lastKnownFileType = text.plist.xml; path = Info.plist; sourceTree = "<group>"; };
		715B047520BCA0D60051A1BE /* UIViewExtension.swift */ = {isa = PBXFileReference; fileEncoding = 4; lastKnownFileType = sourcecode.swift; path = UIViewExtension.swift; sourceTree = "<group>"; };
		715B047920BCA5610051A1BE /* PlaceMarker.swift */ = {isa = PBXFileReference; lastKnownFileType = sourcecode.swift; path = PlaceMarker.swift; sourceTree = "<group>"; };
		715B047B20BCA7BF0051A1BE /* GooglePlace.swift */ = {isa = PBXFileReference; fileEncoding = 4; lastKnownFileType = sourcecode.swift; path = GooglePlace.swift; sourceTree = "<group>"; };
		71ADEDA020BEB25200EA5CDA /* MarkerInfoView.swift */ = {isa = PBXFileReference; fileEncoding = 4; lastKnownFileType = sourcecode.swift; path = MarkerInfoView.swift; sourceTree = "<group>"; };
		71ADEDA220BEB25B00EA5CDA /* MarkerInfoView.xib */ = {isa = PBXFileReference; fileEncoding = 4; lastKnownFileType = file.xib; path = MarkerInfoView.xib; sourceTree = "<group>"; };
		94FCB443301CCA1021EECED1 /* Pods-Event Map.debug.xcconfig */ = {isa = PBXFileReference; includeInIndex = 1; lastKnownFileType = text.xcconfig; name = "Pods-Event Map.debug.xcconfig"; path = "Pods/Target Support Files/Pods-Event Map/Pods-Event Map.debug.xcconfig"; sourceTree = "<group>"; };
		9FFBC056B9B573670998D14B /* Pods-Event Map.release.xcconfig */ = {isa = PBXFileReference; includeInIndex = 1; lastKnownFileType = text.xcconfig; name = "Pods-Event Map.release.xcconfig"; path = "Pods/Target Support Files/Pods-Event Map/Pods-Event Map.release.xcconfig"; sourceTree = "<group>"; };
		D428CA9B04D771D0B65A79D2 /* Pods_Event_Map.framework */ = {isa = PBXFileReference; explicitFileType = wrapper.framework; includeInIndex = 0; path = Pods_Event_Map.framework; sourceTree = BUILT_PRODUCTS_DIR; };
/* End PBXFileReference section */

/* Begin PBXFrameworksBuildPhase section */
		7130140E20B9F953008BA4A3 /* Frameworks */ = {
			isa = PBXFrameworksBuildPhase;
			buildActionMask = 2147483647;
			files = (
				E71E1D63973448B510865E81 /* Pods_Event_Map.framework in Frameworks */,
			);
			runOnlyForDeploymentPostprocessing = 0;
		};
/* End PBXFrameworksBuildPhase section */

/* Begin PBXGroup section */
		43602D302A042F16DC135B03 /* Pods */ = {
			isa = PBXGroup;
			children = (
				94FCB443301CCA1021EECED1 /* Pods-Event Map.debug.xcconfig */,
				9FFBC056B9B573670998D14B /* Pods-Event Map.release.xcconfig */,
			);
			name = Pods;
			sourceTree = "<group>";
		};
		44C9F2B4CBF10B67EA37F43F /* Frameworks */ = {
			isa = PBXGroup;
			children = (
				D428CA9B04D771D0B65A79D2 /* Pods_Event_Map.framework */,
			);
			name = Frameworks;
			sourceTree = "<group>";
		};
		7130140820B9F952008BA4A3 = {
			isa = PBXGroup;
			children = (
				7130141320B9F953008BA4A3 /* Event Map */,
				7130141220B9F953008BA4A3 /* Products */,
				43602D302A042F16DC135B03 /* Pods */,
				44C9F2B4CBF10B67EA37F43F /* Frameworks */,
			);
			sourceTree = "<group>";
		};
		7130141220B9F953008BA4A3 /* Products */ = {
			isa = PBXGroup;
			children = (
				7130141120B9F953008BA4A3 /* Event Map.app */,
			);
			name = Products;
			sourceTree = "<group>";
		};
		7130141320B9F953008BA4A3 /* Event Map */ = {
			isa = PBXGroup;
			children = (
				7130142C20B9FA84008BA4A3 /* Supporting Files */,
				7130142B20B9FA6F008BA4A3 /* View */,
				7130142A20B9FA5F008BA4A3 /* Controller */,
				7130142920B9FA58008BA4A3 /* Model */,
				7130141420B9F953008BA4A3 /* AppDelegate.swift */,
				7130142320B9F953008BA4A3 /* Info.plist */,
			);
			path = "Event Map";
			sourceTree = "<group>";
		};
		7130142920B9FA58008BA4A3 /* Model */ = {
			isa = PBXGroup;
			children = (
				711FFA8920BD573E000068AA /* GoogleDataProvider.swift */,
				715B047B20BCA7BF0051A1BE /* GooglePlace.swift */,
				7130141B20B9F953008BA4A3 /* Event_Map.xcdatamodeld */,
				715B047920BCA5610051A1BE /* PlaceMarker.swift */,
			);
			path = Model;
			sourceTree = "<group>";
		};
		7130142A20B9FA5F008BA4A3 /* Controller */ = {
			isa = PBXGroup;
			children = (
				7130141620B9F953008BA4A3 /* ViewController.swift */,
			);
			path = Controller;
			sourceTree = "<group>";
		};
		7130142B20B9FA6F008BA4A3 /* View */ = {
			isa = PBXGroup;
			children = (
				71ADEDA220BEB25B00EA5CDA /* MarkerInfoView.xib */,
				71ADEDA020BEB25200EA5CDA /* MarkerInfoView.swift */,
				715B047520BCA0D60051A1BE /* UIViewExtension.swift */,
				7130141820B9F953008BA4A3 /* Main.storyboard */,
			);
			path = View;
			sourceTree = "<group>";
		};
		7130142C20B9FA84008BA4A3 /* Supporting Files */ = {
			isa = PBXGroup;
			children = (
				7130141E20B9F953008BA4A3 /* Assets.xcassets */,
				7130142020B9F953008BA4A3 /* LaunchScreen.storyboard */,
			);
			path = "Supporting Files";
			sourceTree = "<group>";
		};
/* End PBXGroup section */

/* Begin PBXNativeTarget section */
		7130141020B9F953008BA4A3 /* Event Map */ = {
			isa = PBXNativeTarget;
			buildConfigurationList = 7130142620B9F953008BA4A3 /* Build configuration list for PBXNativeTarget "Event Map" */;
			buildPhases = (
				395ED0B006F268908741ECA9 /* [CP] Check Pods Manifest.lock */,
				7130140D20B9F953008BA4A3 /* Sources */,
				7130140E20B9F953008BA4A3 /* Frameworks */,
				7130140F20B9F953008BA4A3 /* Resources */,
				FAFEB88D9DF0163E6B1B9F7A /* [CP] Copy Pods Resources */,
				A940696EFCF36F6FB3D8C5E5 /* [CP] Embed Pods Frameworks */,
			);
			buildRules = (
			);
			dependencies = (
			);
			name = "Event Map";
			productName = "Event Map";
			productReference = 7130141120B9F953008BA4A3 /* Event Map.app */;
			productType = "com.apple.product-type.application";
		};
/* End PBXNativeTarget section */

/* Begin PBXProject section */
		7130140920B9F952008BA4A3 /* Project object */ = {
			isa = PBXProject;
			attributes = {
				LastSwiftUpdateCheck = 0930;
				LastUpgradeCheck = 0930;
				ORGANIZATIONNAME = hrajkarnikar;
				TargetAttributes = {
					7130141020B9F953008BA4A3 = {
						CreatedOnToolsVersion = 9.3.1;
					};
				};
			};
			buildConfigurationList = 7130140C20B9F952008BA4A3 /* Build configuration list for PBXProject "Event Map" */;
			compatibilityVersion = "Xcode 9.3";
			developmentRegion = en;
			hasScannedForEncodings = 0;
			knownRegions = (
				en,
				Base,
			);
			mainGroup = 7130140820B9F952008BA4A3;
			productRefGroup = 7130141220B9F953008BA4A3 /* Products */;
			projectDirPath = "";
			projectRoot = "";
			targets = (
				7130141020B9F953008BA4A3 /* Event Map */,
			);
		};
/* End PBXProject section */

/* Begin PBXResourcesBuildPhase section */
		7130140F20B9F953008BA4A3 /* Resources */ = {
			isa = PBXResourcesBuildPhase;
			buildActionMask = 2147483647;
			files = (
				71ADEDA320BEB25B00EA5CDA /* MarkerInfoView.xib in Resources */,
				7130142220B9F953008BA4A3 /* LaunchScreen.storyboard in Resources */,
				7130141F20B9F953008BA4A3 /* Assets.xcassets in Resources */,
				7130141A20B9F953008BA4A3 /* Main.storyboard in Resources */,
			);
			runOnlyForDeploymentPostprocessing = 0;
		};
/* End PBXResourcesBuildPhase section */

/* Begin PBXShellScriptBuildPhase section */
		395ED0B006F268908741ECA9 /* [CP] Check Pods Manifest.lock */ = {
			isa = PBXShellScriptBuildPhase;
			buildActionMask = 2147483647;
			files = (
			);
			inputPaths = (
				"${PODS_PODFILE_DIR_PATH}/Podfile.lock",
				"${PODS_ROOT}/Manifest.lock",
			);
			name = "[CP] Check Pods Manifest.lock";
			outputPaths = (
				"$(DERIVED_FILE_DIR)/Pods-Event Map-checkManifestLockResult.txt",
			);
			runOnlyForDeploymentPostprocessing = 0;
			shellPath = /bin/sh;
			shellScript = "diff \"${PODS_PODFILE_DIR_PATH}/Podfile.lock\" \"${PODS_ROOT}/Manifest.lock\" > /dev/null\nif [ $? != 0 ] ; then\n    # print error to STDERR\n    echo \"error: The sandbox is not in sync with the Podfile.lock. Run 'pod install' or update your CocoaPods installation.\" >&2\n    exit 1\nfi\n# This output is used by Xcode 'outputs' to avoid re-running this script phase.\necho \"SUCCESS\" > \"${SCRIPT_OUTPUT_FILE_0}\"\n";
			showEnvVarsInLog = 0;
		};
		A940696EFCF36F6FB3D8C5E5 /* [CP] Embed Pods Frameworks */ = {
			isa = PBXShellScriptBuildPhase;
			buildActionMask = 2147483647;
			files = (
			);
			inputPaths = (
				"${SRCROOT}/Pods/Target Support Files/Pods-Event Map/Pods-Event Map-frameworks.sh",
				"${BUILT_PRODUCTS_DIR}/SwiftyJSON/SwiftyJSON.framework",
			);
			name = "[CP] Embed Pods Frameworks";
			outputPaths = (
				"${TARGET_BUILD_DIR}/${FRAMEWORKS_FOLDER_PATH}/SwiftyJSON.framework",
			);
			runOnlyForDeploymentPostprocessing = 0;
			shellPath = /bin/sh;
			shellScript = "\"${SRCROOT}/Pods/Target Support Files/Pods-Event Map/Pods-Event Map-frameworks.sh\"\n";
			showEnvVarsInLog = 0;
		};
		FAFEB88D9DF0163E6B1B9F7A /* [CP] Copy Pods Resources */ = {
			isa = PBXShellScriptBuildPhase;
			buildActionMask = 2147483647;
			files = (
			);
			inputPaths = (
				"${SRCROOT}/Pods/Target Support Files/Pods-Event Map/Pods-Event Map-resources.sh",
				"${PODS_ROOT}/GoogleMaps/Maps/Frameworks/GoogleMaps.framework/Resources/GoogleMaps.bundle",
			);
			name = "[CP] Copy Pods Resources";
			outputPaths = (
				"${TARGET_BUILD_DIR}/${UNLOCALIZED_RESOURCES_FOLDER_PATH}/GoogleMaps.bundle",
			);
			runOnlyForDeploymentPostprocessing = 0;
			shellPath = /bin/sh;
			shellScript = "\"${SRCROOT}/Pods/Target Support Files/Pods-Event Map/Pods-Event Map-resources.sh\"\n";
			showEnvVarsInLog = 0;
		};
/* End PBXShellScriptBuildPhase section */

/* Begin PBXSourcesBuildPhase section */
		7130140D20B9F953008BA4A3 /* Sources */ = {
			isa = PBXSourcesBuildPhase;
			buildActionMask = 2147483647;
			files = (
				71ADEDA120BEB25200EA5CDA /* MarkerInfoView.swift in Sources */,
				715B047A20BCA5610051A1BE /* PlaceMarker.swift in Sources */,
				711FFA8A20BD573E000068AA /* GoogleDataProvider.swift in Sources */,
				7130141D20B9F953008BA4A3 /* Event_Map.xcdatamodeld in Sources */,
				715B047C20BCA7BF0051A1BE /* GooglePlace.swift in Sources */,
				7130141720B9F953008BA4A3 /* ViewController.swift in Sources */,
				715B047620BCA0D60051A1BE /* UIViewExtension.swift in Sources */,
				7130141520B9F953008BA4A3 /* AppDelegate.swift in Sources */,
			);
			runOnlyForDeploymentPostprocessing = 0;
		};
/* End PBXSourcesBuildPhase section */

/* Begin PBXVariantGroup section */
		7130141820B9F953008BA4A3 /* Main.storyboard */ = {
			isa = PBXVariantGroup;
			children = (
				7130141920B9F953008BA4A3 /* Base */,
			);
			name = Main.storyboard;
			sourceTree = "<group>";
		};
		7130142020B9F953008BA4A3 /* LaunchScreen.storyboard */ = {
			isa = PBXVariantGroup;
			children = (
				7130142120B9F953008BA4A3 /* Base */,
			);
			name = LaunchScreen.storyboard;
			sourceTree = "<group>";
		};
/* End PBXVariantGroup section */

/* Begin XCBuildConfiguration section */
		7130142420B9F953008BA4A3 /* Debug */ = {
			isa = XCBuildConfiguration;
			buildSettings = {
				ALWAYS_SEARCH_USER_PATHS = NO;
				CLANG_ANALYZER_NONNULL = YES;
				CLANG_ANALYZER_NUMBER_OBJECT_CONVERSION = YES_AGGRESSIVE;
				CLANG_CXX_LANGUAGE_STANDARD = "gnu++14";
				CLANG_CXX_LIBRARY = "libc++";
				CLANG_ENABLE_MODULES = YES;
				CLANG_ENABLE_OBJC_ARC = YES;
				CLANG_ENABLE_OBJC_WEAK = YES;
				CLANG_WARN_BLOCK_CAPTURE_AUTORELEASING = YES;
				CLANG_WARN_BOOL_CONVERSION = YES;
				CLANG_WARN_COMMA = YES;
				CLANG_WARN_CONSTANT_CONVERSION = YES;
				CLANG_WARN_DEPRECATED_OBJC_IMPLEMENTATIONS = YES;
				CLANG_WARN_DIRECT_OBJC_ISA_USAGE = YES_ERROR;
				CLANG_WARN_DOCUMENTATION_COMMENTS = YES;
				CLANG_WARN_EMPTY_BODY = YES;
				CLANG_WARN_ENUM_CONVERSION = YES;
				CLANG_WARN_INFINITE_RECURSION = YES;
				CLANG_WARN_INT_CONVERSION = YES;
				CLANG_WARN_NON_LITERAL_NULL_CONVERSION = YES;
				CLANG_WARN_OBJC_IMPLICIT_RETAIN_SELF = YES;
				CLANG_WARN_OBJC_LITERAL_CONVERSION = YES;
				CLANG_WARN_OBJC_ROOT_CLASS = YES_ERROR;
				CLANG_WARN_RANGE_LOOP_ANALYSIS = YES;
				CLANG_WARN_STRICT_PROTOTYPES = YES;
				CLANG_WARN_SUSPICIOUS_MOVE = YES;
				CLANG_WARN_UNGUARDED_AVAILABILITY = YES_AGGRESSIVE;
				CLANG_WARN_UNREACHABLE_CODE = YES;
				CLANG_WARN__DUPLICATE_METHOD_MATCH = YES;
				CODE_SIGN_IDENTITY = "iPhone Developer";
				COPY_PHASE_STRIP = NO;
				DEBUG_INFORMATION_FORMAT = dwarf;
				ENABLE_STRICT_OBJC_MSGSEND = YES;
				ENABLE_TESTABILITY = YES;
				GCC_C_LANGUAGE_STANDARD = gnu11;
				GCC_DYNAMIC_NO_PIC = NO;
				GCC_NO_COMMON_BLOCKS = YES;
				GCC_OPTIMIZATION_LEVEL = 0;
				GCC_PREPROCESSOR_DEFINITIONS = (
					"DEBUG=1",
					"$(inherited)",
				);
				GCC_WARN_64_TO_32_BIT_CONVERSION = YES;
				GCC_WARN_ABOUT_RETURN_TYPE = YES_ERROR;
				GCC_WARN_UNDECLARED_SELECTOR = YES;
				GCC_WARN_UNINITIALIZED_AUTOS = YES_AGGRESSIVE;
				GCC_WARN_UNUSED_FUNCTION = YES;
				GCC_WARN_UNUSED_VARIABLE = YES;
				IPHONEOS_DEPLOYMENT_TARGET = 11.3;
				MTL_ENABLE_DEBUG_INFO = YES;
				ONLY_ACTIVE_ARCH = YES;
				SDKROOT = iphoneos;
				SWIFT_ACTIVE_COMPILATION_CONDITIONS = DEBUG;
				SWIFT_OPTIMIZATION_LEVEL = "-Onone";
			};
			name = Debug;
		};
		7130142520B9F953008BA4A3 /* Release */ = {
			isa = XCBuildConfiguration;
			buildSettings = {
				ALWAYS_SEARCH_USER_PATHS = NO;
				CLANG_ANALYZER_NONNULL = YES;
				CLANG_ANALYZER_NUMBER_OBJECT_CONVERSION = YES_AGGRESSIVE;
				CLANG_CXX_LANGUAGE_STANDARD = "gnu++14";
				CLANG_CXX_LIBRARY = "libc++";
				CLANG_ENABLE_MODULES = YES;
				CLANG_ENABLE_OBJC_ARC = YES;
				CLANG_ENABLE_OBJC_WEAK = YES;
				CLANG_WARN_BLOCK_CAPTURE_AUTORELEASING = YES;
				CLANG_WARN_BOOL_CONVERSION = YES;
				CLANG_WARN_COMMA = YES;
				CLANG_WARN_CONSTANT_CONVERSION = YES;
				CLANG_WARN_DEPRECATED_OBJC_IMPLEMENTATIONS = YES;
				CLANG_WARN_DIRECT_OBJC_ISA_USAGE = YES_ERROR;
				CLANG_WARN_DOCUMENTATION_COMMENTS = YES;
				CLANG_WARN_EMPTY_BODY = YES;
				CLANG_WARN_ENUM_CONVERSION = YES;
				CLANG_WARN_INFINITE_RECURSION = YES;
				CLANG_WARN_INT_CONVERSION = YES;
				CLANG_WARN_NON_LITERAL_NULL_CONVERSION = YES;
				CLANG_WARN_OBJC_IMPLICIT_RETAIN_SELF = YES;
				CLANG_WARN_OBJC_LITERAL_CONVERSION = YES;
				CLANG_WARN_OBJC_ROOT_CLASS = YES_ERROR;
				CLANG_WARN_RANGE_LOOP_ANALYSIS = YES;
				CLANG_WARN_STRICT_PROTOTYPES = YES;
				CLANG_WARN_SUSPICIOUS_MOVE = YES;
				CLANG_WARN_UNGUARDED_AVAILABILITY = YES_AGGRESSIVE;
				CLANG_WARN_UNREACHABLE_CODE = YES;
				CLANG_WARN__DUPLICATE_METHOD_MATCH = YES;
				CODE_SIGN_IDENTITY = "iPhone Developer";
				COPY_PHASE_STRIP = NO;
				DEBUG_INFORMATION_FORMAT = "dwarf-with-dsym";
				ENABLE_NS_ASSERTIONS = NO;
				ENABLE_STRICT_OBJC_MSGSEND = YES;
				GCC_C_LANGUAGE_STANDARD = gnu11;
				GCC_NO_COMMON_BLOCKS = YES;
				GCC_WARN_64_TO_32_BIT_CONVERSION = YES;
				GCC_WARN_ABOUT_RETURN_TYPE = YES_ERROR;
				GCC_WARN_UNDECLARED_SELECTOR = YES;
				GCC_WARN_UNINITIALIZED_AUTOS = YES_AGGRESSIVE;
				GCC_WARN_UNUSED_FUNCTION = YES;
				GCC_WARN_UNUSED_VARIABLE = YES;
				IPHONEOS_DEPLOYMENT_TARGET = 11.3;
				MTL_ENABLE_DEBUG_INFO = NO;
				SDKROOT = iphoneos;
				SWIFT_COMPILATION_MODE = wholemodule;
				SWIFT_OPTIMIZATION_LEVEL = "-O";
				VALIDATE_PRODUCT = YES;
			};
			name = Release;
		};
		7130142720B9F953008BA4A3 /* Debug */ = {
			isa = XCBuildConfiguration;
			baseConfigurationReference = 94FCB443301CCA1021EECED1 /* Pods-Event Map.debug.xcconfig */;
			buildSettings = {
				ASSETCATALOG_COMPILER_APPICON_NAME = AppIcon;
				CODE_SIGN_STYLE = Automatic;
				INFOPLIST_FILE = "Event Map/Info.plist";
				LD_RUNPATH_SEARCH_PATHS = (
					"$(inherited)",
					"@executable_path/Frameworks",
				);
				PRODUCT_BUNDLE_IDENTIFIER = "com.hrajkarnikar.Event-Map";
				PRODUCT_NAME = "$(TARGET_NAME)";
				SWIFT_VERSION = 4.0;
				TARGETED_DEVICE_FAMILY = "1,2";
			};
			name = Debug;
		};
		7130142820B9F953008BA4A3 /* Release */ = {
			isa = XCBuildConfiguration;
			baseConfigurationReference = 9FFBC056B9B573670998D14B /* Pods-Event Map.release.xcconfig */;
			buildSettings = {
				ASSETCATALOG_COMPILER_APPICON_NAME = AppIcon;
				CODE_SIGN_STYLE = Automatic;
				INFOPLIST_FILE = "Event Map/Info.plist";
				LD_RUNPATH_SEARCH_PATHS = (
					"$(inherited)",
					"@executable_path/Frameworks",
				);
				PRODUCT_BUNDLE_IDENTIFIER = "com.hrajkarnikar.Event-Map";
				PRODUCT_NAME = "$(TARGET_NAME)";
				SWIFT_VERSION = 4.0;
				TARGETED_DEVICE_FAMILY = "1,2";
			};
			name = Release;
		};
/* End XCBuildConfiguration section */

/* Begin XCConfigurationList section */
		7130140C20B9F952008BA4A3 /* Build configuration list for PBXProject "Event Map" */ = {
			isa = XCConfigurationList;
			buildConfigurations = (
				7130142420B9F953008BA4A3 /* Debug */,
				7130142520B9F953008BA4A3 /* Release */,
			);
			defaultConfigurationIsVisible = 0;
			defaultConfigurationName = Release;
		};
		7130142620B9F953008BA4A3 /* Build configuration list for PBXNativeTarget "Event Map" */ = {
			isa = XCConfigurationList;
			buildConfigurations = (
				7130142720B9F953008BA4A3 /* Debug */,
				7130142820B9F953008BA4A3 /* Release */,
			);
			defaultConfigurationIsVisible = 0;
			defaultConfigurationName = Release;
		};
/* End XCConfigurationList section */

/* Begin XCVersionGroup section */
		7130141B20B9F953008BA4A3 /* Event_Map.xcdatamodeld */ = {
			isa = XCVersionGroup;
			children = (
				7130141C20B9F953008BA4A3 /* Event_Map.xcdatamodel */,
			);
			currentVersion = 7130141C20B9F953008BA4A3 /* Event_Map.xcdatamodel */;
			path = Event_Map.xcdatamodeld;
			sourceTree = "<group>";
			versionGroupType = wrapper.xcdatamodel;
		};
/* End XCVersionGroup section */
	};
	rootObject = 7130140920B9F952008BA4A3 /* Project object */;
}
